// !$*UTF8*$!
{
	archiveVersion = 1;
	classes = {
	};
	objectVersion = 46;
	objects = {

/* Begin PBXBuildFile section */
		5C728C4B1E667C48007BCCDE /* AppDelegate.swift in Sources */ = {isa = PBXBuildFile; fileRef = 5C728C4A1E667C48007BCCDE /* AppDelegate.swift */; };
		5C728C4D1E667C48007BCCDE /* ViewController.swift in Sources */ = {isa = PBXBuildFile; fileRef = 5C728C4C1E667C48007BCCDE /* ViewController.swift */; };
		5C728C501E667C48007BCCDE /* Main.storyboard in Resources */ = {isa = PBXBuildFile; fileRef = 5C728C4E1E667C48007BCCDE /* Main.storyboard */; };
		5C728C521E667C48007BCCDE /* Assets.xcassets in Resources */ = {isa = PBXBuildFile; fileRef = 5C728C511E667C48007BCCDE /* Assets.xcassets */; };
		5C728C551E667C48007BCCDE /* LaunchScreen.storyboard in Resources */ = {isa = PBXBuildFile; fileRef = 5C728C531E667C48007BCCDE /* LaunchScreen.storyboard */; };
		5C728C601E667C49007BCCDE /* FirstDemoTests.swift in Sources */ = {isa = PBXBuildFile; fileRef = 5C728C5F1E667C49007BCCDE /* FirstDemoTests.swift */; };
/* End PBXBuildFile section */

/* Begin PBXContainerItemProxy section */
		5C728C5C1E667C49007BCCDE /* PBXContainerItemProxy */ = {
			isa = PBXContainerItemProxy;
			containerPortal = 5C728C3F1E667C48007BCCDE /* Project object */;
			proxyType = 1;
			remoteGlobalIDString = 5C728C461E667C48007BCCDE;
			remoteInfo = FirstDemo;
		};
/* End PBXContainerItemProxy section */

/* Begin PBXFileReference section */
		5C728C471E667C48007BCCDE /* FirstDemo.app */ = {isa = PBXFileReference; explicitFileType = wrapper.application; includeInIndex = 0; path = FirstDemo.app; sourceTree = BUILT_PRODUCTS_DIR; };
		5C728C4A1E667C48007BCCDE /* AppDelegate.swift */ = {isa = PBXFileReference; lastKnownFileType = sourcecode.swift; path = AppDelegate.swift; sourceTree = "<group>"; };
		5C728C4C1E667C48007BCCDE /* ViewController.swift */ = {isa = PBXFileReference; lastKnownFileType = sourcecode.swift; path = ViewController.swift; sourceTree = "<group>"; };
		5C728C4F1E667C48007BCCDE /* Base */ = {isa = PBXFileReference; lastKnownFileType = file.storyboard; name = Base; path = Base.lproj/Main.storyboard; sourceTree = "<group>"; };
		5C728C511E667C48007BCCDE /* Assets.xcassets */ = {isa = PBXFileReference; lastKnownFileType = folder.assetcatalog; path = Assets.xcassets; sourceTree = "<group>"; };
		5C728C541E667C48007BCCDE /* Base */ = {isa = PBXFileReference; lastKnownFileType = file.storyboard; name = Base; path = Base.lproj/LaunchScreen.storyboard; sourceTree = "<group>"; };
		5C728C561E667C48007BCCDE /* Info.plist */ = {isa = PBXFileReference; lastKnownFileType = text.plist.xml; path = Info.plist; sourceTree = "<group>"; };
		5C728C5B1E667C49007BCCDE /* FirstDemoTests.xctest */ = {isa = PBXFileReference; explicitFileType = wrapper.cfbundle; includeInIndex = 0; path = FirstDemoTests.xctest; sourceTree = BUILT_PRODUCTS_DIR; };
		5C728C5F1E667C49007BCCDE /* FirstDemoTests.swift */ = {isa = PBXFileReference; lastKnownFileType = sourcecode.swift; path = FirstDemoTests.swift; sourceTree = "<group>"; };
		5C728C611E667C49007BCCDE /* Info.plist */ = {isa = PBXFileReference; lastKnownFileType = text.plist.xml; path = Info.plist; sourceTree = "<group>"; };
/* End PBXFileReference section */

/* Begin PBXFrameworksBuildPhase section */
		5C728C441E667C48007BCCDE /* Frameworks */ = {
			isa = PBXFrameworksBuildPhase;
			buildActionMask = 2147483647;
			files = (
			);
			runOnlyForDeploymentPostprocessing = 0;
		};
		5C728C581E667C49007BCCDE /* Frameworks */ = {
			isa = PBXFrameworksBuildPhase;
			buildActionMask = 2147483647;
			files = (
			);
			runOnlyForDeploymentPostprocessing = 0;
		};
/* End PBXFrameworksBuildPhase section */

/* Begin PBXGroup section */
		5C728C3E1E667C48007BCCDE = {
			isa = PBXGroup;
			children = (
				5C728C491E667C48007BCCDE /* FirstDemo */,
				5C728C5E1E667C49007BCCDE /* FirstDemoTests */,
				5C728C481E667C48007BCCDE /* Products */,
			);
			sourceTree = "<group>";
		};
		5C728C481E667C48007BCCDE /* Products */ = {
			isa = PBXGroup;
			children = (
				5C728C471E667C48007BCCDE /* FirstDemo.app */,
				5C728C5B1E667C49007BCCDE /* FirstDemoTests.xctest */,
			);
			name = Products;
			sourceTree = "<group>";
		};
		5C728C491E667C48007BCCDE /* FirstDemo */ = {
			isa = PBXGroup;
			children = (
				5C728C4A1E667C48007BCCDE /* AppDelegate.swift */,
				5C728C4C1E667C48007BCCDE /* ViewController.swift */,
				5C728C4E1E667C48007BCCDE /* Main.storyboard */,
				5C728C511E667C48007BCCDE /* Assets.xcassets */,
				5C728C531E667C48007BCCDE /* LaunchScreen.storyboard */,
				5C728C561E667C48007BCCDE /* Info.plist */,
			);
			path = FirstDemo;
			sourceTree = "<group>";
		};
		5C728C5E1E667C49007BCCDE /* FirstDemoTests */ = {
			isa = PBXGroup;
			children = (
				5C728C5F1E667C49007BCCDE /* FirstDemoTests.swift */,
				5C728C611E667C49007BCCDE /* Info.plist */,
			);
			path = FirstDemoTests;
			sourceTree = "<group>";
		};
/* End PBXGroup section */

/* Begin PBXNativeTarget section */
		5C728C461E667C48007BCCDE /* FirstDemo */ = {
			isa = PBXNativeTarget;
			buildConfigurationList = 5C728C641E667C49007BCCDE /* Build configuration list for PBXNativeTarget "FirstDemo" */;
			buildPhases = (
				5C728C431E667C48007BCCDE /* Sources */,
				5C728C441E667C48007BCCDE /* Frameworks */,
				5C728C451E667C48007BCCDE /* Resources */,
			);
			buildRules = (
			);
			dependencies = (
			);
			name = FirstDemo;
			productName = FirstDemo;
			productReference = 5C728C471E667C48007BCCDE /* FirstDemo.app */;
			productType = "com.apple.product-type.application";
		};
		5C728C5A1E667C49007BCCDE /* FirstDemoTests */ = {
			isa = PBXNativeTarget;
			buildConfigurationList = 5C728C671E667C49007BCCDE /* Build configuration list for PBXNativeTarget "FirstDemoTests" */;
			buildPhases = (
				5C728C571E667C49007BCCDE /* Sources */,
				5C728C581E667C49007BCCDE /* Frameworks */,
				5C728C591E667C49007BCCDE /* Resources */,
			);
			buildRules = (
			);
			dependencies = (
				5C728C5D1E667C49007BCCDE /* PBXTargetDependency */,
			);
			name = FirstDemoTests;
			productName = FirstDemoTests;
			productReference = 5C728C5B1E667C49007BCCDE /* FirstDemoTests.xctest */;
			productType = "com.apple.product-type.bundle.unit-test";
		};
/* End PBXNativeTarget section */

/* Begin PBXProject section */
		5C728C3F1E667C48007BCCDE /* Project object */ = {
			isa = PBXProject;
			attributes = {
				LastSwiftUpdateCheck = 0820;
				LastUpgradeCheck = 0820;
				ORGANIZATIONNAME = sungwon;
				TargetAttributes = {
					5C728C461E667C48007BCCDE = {
						CreatedOnToolsVersion = 8.2.1;
						DevelopmentTeam = ANF8R4CHNM;
						ProvisioningStyle = Automatic;
					};
					5C728C5A1E667C49007BCCDE = {
						CreatedOnToolsVersion = 8.2.1;
						DevelopmentTeam = ANF8R4CHNM;
						ProvisioningStyle = Automatic;
						TestTargetID = 5C728C461E667C48007BCCDE;
					};
				};
			};
			buildConfigurationList = 5C728C421E667C48007BCCDE /* Build configuration list for PBXProject "FirstDemo" */;
			compatibilityVersion = "Xcode 3.2";
			developmentRegion = English;
			hasScannedForEncodings = 0;
			knownRegions = (
				en,
				Base,
			);
			mainGroup = 5C728C3E1E667C48007BCCDE;
			productRefGroup = 5C728C481E667C48007BCCDE /* Products */;
			projectDirPath = "";
			projectRoot = "";
			targets = (
				5C728C461E667C48007BCCDE /* FirstDemo */,
				5C728C5A1E667C49007BCCDE /* FirstDemoTests */,
			);
		};
/* End PBXProject section */

/* Begin PBXResourcesBuildPhase section */
		5C728C451E667C48007BCCDE /* Resources */ = {
			isa = PBXResourcesBuildPhase;
			buildActionMask = 2147483647;
			files = (
				5C728C551E667C48007BCCDE /* LaunchScreen.storyboard in Resources */,
				5C728C521E667C48007BCCDE /* Assets.xcassets in Resources */,
				5C728C501E667C48007BCCDE /* Main.storyboard in Resources */,
			);
			runOnlyForDeploymentPostprocessing = 0;
		};
		5C728C591E667C49007BCCDE /* Resources */ = {
			isa = PBXResourcesBuildPhase;
			buildActionMask = 2147483647;
			files = (
			);
			runOnlyForDeploymentPostprocessing = 0;
		};
/* End PBXResourcesBuildPhase section */

/* Begin PBXSourcesBuildPhase section */
		5C728C431E667C48007BCCDE /* Sources */ = {
			isa = PBXSourcesBuildPhase;
			buildActionMask = 2147483647;
			files = (
				5C728C4D1E667C48007BCCDE /* ViewController.swift in Sources */,
				5C728C4B1E667C48007BCCDE /* AppDelegate.swift in Sources */,
			);
			runOnlyForDeploymentPostprocessing = 0;
		};
		5C728C571E667C49007BCCDE /* Sources */ = {
			isa = PBXSourcesBuildPhase;
			buildActionMask = 2147483647;
			files = (
				5C728C601E667C49007BCCDE /* FirstDemoTests.swift in Sources */,
			);
			runOnlyForDeploymentPostprocessing = 0;
		};
/* End PBXSourcesBuildPhase section */

/* Begin PBXTargetDependency section */
		5C728C5D1E667C49007BCCDE /* PBXTargetDependency */ = {
			isa = PBXTargetDependency;
			target = 5C728C461E667C48007BCCDE /* FirstDemo */;
			targetProxy = 5C728C5C1E667C49007BCCDE /* PBXContainerItemProxy */;
		};
/* End PBXTargetDependency section */

/* Begin PBXVariantGroup section */
		5C728C4E1E667C48007BCCDE /* Main.storyboard */ = {
			isa = PBXVariantGroup;
			children = (
				5C728C4F1E667C48007BCCDE /* Base */,
			);
			name = Main.storyboard;
			sourceTree = "<group>";
		};
		5C728C531E667C48007BCCDE /* LaunchScreen.storyboard */ = {
			isa = PBXVariantGroup;
			children = (
				5C728C541E667C48007BCCDE /* Base */,
			);
			name = LaunchScreen.storyboard;
			sourceTree = "<group>";
		};
/* End PBXVariantGroup section */

/* Begin XCBuildConfiguration section */
		5C728C621E667C49007BCCDE /* Debug */ = {
			isa = XCBuildConfiguration;
			buildSettings = {
				ALWAYS_SEARCH_USER_PATHS = NO;
				CLANG_ANALYZER_NONNULL = YES;
				CLANG_CXX_LANGUAGE_STANDARD = "gnu++0x";
				CLANG_CXX_LIBRARY = "libc++";
				CLANG_ENABLE_MODULES = YES;
				CLANG_ENABLE_OBJC_ARC = YES;
				CLANG_WARN_BOOL_CONVERSION = YES;
				CLANG_WARN_CONSTANT_CONVERSION = YES;
				CLANG_WARN_DIRECT_OBJC_ISA_USAGE = YES_ERROR;
				CLANG_WARN_DOCUMENTATION_COMMENTS = YES;
				CLANG_WARN_EMPTY_BODY = YES;
				CLANG_WARN_ENUM_CONVERSION = YES;
				CLANG_WARN_INFINITE_RECURSION = YES;
				CLANG_WARN_INT_CONVERSION = YES;
				CLANG_WARN_OBJC_ROOT_CLASS = YES_ERROR;
				CLANG_WARN_SUSPICIOUS_MOVE = YES;
				CLANG_WARN_UNREACHABLE_CODE = YES;
				CLANG_WARN__DUPLICATE_METHOD_MATCH = YES;
				"CODE_SIGN_IDENTITY[sdk=iphoneos*]" = "iPhone Developer";
				COPY_PHASE_STRIP = NO;
				DEBUG_INFORMATION_FORMAT = dwarf;
				ENABLE_STRICT_OBJC_MSGSEND = YES;
				ENABLE_TESTABILITY = YES;
				GCC_C_LANGUAGE_STANDARD = gnu99;
				GCC_DYNAMIC_NO_PIC = NO;
				GCC_NO_COMMON_BLOCKS = YES;
				GCC_OPTIMIZATION_LEVEL = 0;
				GCC_PREPROCESSOR_DEFINITIONS = (
					"DEBUG=1",
					"$(inherited)",
				);
				GCC_WARN_64_TO_32_BIT_CONVERSION = YES;
				GCC_WARN_ABOUT_RETURN_TYPE = YES_ERROR;
				GCC_WARN_UNDECLARED_SELECTOR = YES;
				GCC_WARN_UNINITIALIZED_AUTOS = YES_AGGRESSIVE;
				GCC_WARN_UNUSED_FUNCTION = YES;
				GCC_WARN_UNUSED_VARIABLE = YES;
				IPHONEOS_DEPLOYMENT_TARGET = 10.2;
				MTL_ENABLE_DEBUG_INFO = YES;
				ONLY_ACTIVE_ARCH = YES;
				SDKROOT = iphoneos;
				SWIFT_ACTIVE_COMPILATION_CONDITIONS = DEBUG;
				SWIFT_OPTIMIZATION_LEVEL = "-Onone";
			};
			name = Debug;
		};
		5C728C631E667C49007BCCDE /* Release */ = {
			isa = XCBuildConfiguration;
			buildSettings = {
				ALWAYS_SEARCH_USER_PATHS = NO;
				CLANG_ANALYZER_NONNULL = YES;
				CLANG_CXX_LANGUAGE_STANDARD = "gnu++0x";
				CLANG_CXX_LIBRARY = "libc++";
				CLANG_ENABLE_MODULES = YES;
				CLANG_ENABLE_OBJC_ARC = YES;
				CLANG_WARN_BOOL_CONVERSION = YES;
				CLANG_WARN_CONSTANT_CONVERSION = YES;
				CLANG_WARN_DIRECT_OBJC_ISA_USAGE = YES_ERROR;
				CLANG_WARN_DOCUMENTATION_COMMENTS = YES;
				CLANG_WARN_EMPTY_BODY = YES;
				CLANG_WARN_ENUM_CONVERSION = YES;
				CLANG_WARN_INFINITE_RECURSION = YES;
				CLANG_WARN_INT_CONVERSION = YES;
				CLANG_WARN_OBJC_ROOT_CLASS = YES_ERROR;
				CLANG_WARN_SUSPICIOUS_MOVE = YES;
				CLANG_WARN_UNREACHABLE_CODE = YES;
				CLANG_WARN__DUPLICATE_METHOD_MATCH = YES;
				"CODE_SIGN_IDENTITY[sdk=iphoneos*]" = "iPhone Developer";
				COPY_PHASE_STRIP = NO;
				DEBUG_INFORMATION_FORMAT = "dwarf-with-dsym";
				ENABLE_NS_ASSERTIONS = NO;
				ENABLE_STRICT_OBJC_MSGSEND = YES;
				GCC_C_LANGUAGE_STANDARD = gnu99;
				GCC_NO_COMMON_BLOCKS = YES;
				GCC_WARN_64_TO_32_BIT_CONVERSION = YES;
				GCC_WARN_ABOUT_RETURN_TYPE = YES_ERROR;
				GCC_WARN_UNDECLARED_SELECTOR = YES;
				GCC_WARN_UNINITIALIZED_AUTOS = YES_AGGRESSIVE;
				GCC_WARN_UNUSED_FUNCTION = YES;
				GCC_WARN_UNUSED_VARIABLE = YES;
				IPHONEOS_DEPLOYMENT_TARGET = 10.2;
				MTL_ENABLE_DEBUG_INFO = NO;
				SDKROOT = iphoneos;
				SWIFT_OPTIMIZATION_LEVEL = "-Owholemodule";
				VALIDATE_PRODUCT = YES;
			};
			name = Release;
		};
		5C728C651E667C49007BCCDE /* Debug */ = {
			isa = XCBuildConfiguration;
			buildSettings = {
				ASSETCATALOG_COMPILER_APPICON_NAME = AppIcon;
				DEVELOPMENT_TEAM = ANF8R4CHNM;
				INFOPLIST_FILE = FirstDemo/Info.plist;
				LD_RUNPATH_SEARCH_PATHS = "$(inherited) @executable_path/Frameworks";
				PRODUCT_BUNDLE_IDENTIFIER = com.sungwon.FirstDemo;
				PRODUCT_NAME = "$(TARGET_NAME)";
				SWIFT_VERSION = 3.0;
			};
			name = Debug;
		};
		5C728C661E667C49007BCCDE /* Release */ = {
			isa = XCBuildConfiguration;
			buildSettings = {
				ASSETCATALOG_COMPILER_APPICON_NAME = AppIcon;
				DEVELOPMENT_TEAM = ANF8R4CHNM;
				INFOPLIST_FILE = FirstDemo/Info.plist;
				LD_RUNPATH_SEARCH_PATHS = "$(inherited) @executable_path/Frameworks";
				PRODUCT_BUNDLE_IDENTIFIER = com.sungwon.FirstDemo;
				PRODUCT_NAME = "$(TARGET_NAME)";
				SWIFT_VERSION = 3.0;
			};
			name = Release;
		};
		5C728C681E667C49007BCCDE /* Debug */ = {
			isa = XCBuildConfiguration;
			buildSettings = {
				ALWAYS_EMBED_SWIFT_STANDARD_LIBRARIES = YES;
				BUNDLE_LOADER = "$(TEST_HOST)";
				DEVELOPMENT_TEAM = ANF8R4CHNM;
				INFOPLIST_FILE = FirstDemoTests/Info.plist;
				LD_RUNPATH_SEARCH_PATHS = "$(inherited) @executable_path/Frameworks @loader_path/Frameworks";
				PRODUCT_BUNDLE_IDENTIFIER = com.sungwon.FirstDemoTests;
				PRODUCT_NAME = "$(TARGET_NAME)";
				SWIFT_VERSION = 3.0;
				TEST_HOST = "$(BUILT_PRODUCTS_DIR)/FirstDemo.app/FirstDemo";
			};
			name = Debug;
		};
		5C728C691E667C49007BCCDE /* Release */ = {
			isa = XCBuildConfiguration;
			buildSettings = {
				ALWAYS_EMBED_SWIFT_STANDARD_LIBRARIES = YES;
				BUNDLE_LOADER = "$(TEST_HOST)";
				DEVELOPMENT_TEAM = ANF8R4CHNM;
				INFOPLIST_FILE = FirstDemoTests/Info.plist;
				LD_RUNPATH_SEARCH_PATHS = "$(inherited) @executable_path/Frameworks @loader_path/Frameworks";
				PRODUCT_BUNDLE_IDENTIFIER = com.sungwon.FirstDemoTests;
				PRODUCT_NAME = "$(TARGET_NAME)";
				SWIFT_VERSION = 3.0;
				TEST_HOST = "$(BUILT_PRODUCTS_DIR)/FirstDemo.app/FirstDemo";
			};
			name = Release;
		};
/* End XCBuildConfiguration section */

/* Begin XCConfigurationList section */
		5C728C421E667C48007BCCDE /* Build configuration list for PBXProject "FirstDemo" */ = {
			isa = XCConfigurationList;
			buildConfigurations = (
				5C728C621E667C49007BCCDE /* Debug */,
				5C728C631E667C49007BCCDE /* Release */,
			);
			defaultConfigurationIsVisible = 0;
			defaultConfigurationName = Release;
		};
		5C728C641E667C49007BCCDE /* Build configuration list for PBXNativeTarget "FirstDemo" */ = {
			isa = XCConfigurationList;
			buildConfigurations = (
				5C728C651E667C49007BCCDE /* Debug */,
				5C728C661E667C49007BCCDE /* Release */,
			);
			defaultConfigurationIsVisible = 0;
		};
		5C728C671E667C49007BCCDE /* Build configuration list for PBXNativeTarget "FirstDemoTests" */ = {
			isa = XCConfigurationList;
			buildConfigurations = (
				5C728C681E667C49007BCCDE /* Debug */,
				5C728C691E667C49007BCCDE /* Release */,
			);
			defaultConfigurationIsVisible = 0;
		};
/* End XCConfigurationList section */
	};
	rootObject = 5C728C3F1E667C48007BCCDE /* Project object */;
}
